
Microsoft Visual Studio Solution File, Format Version 12.00
# Visual Studio Version 17
VisualStudioVersion = 17.7.34024.191
MinimumVisualStudioVersion = 10.0.40219.1
Project("{9A19103F-16F7-4668-BE54-9A1E7A4F7556}") = "DopeEngine", "DopeEngine\DopeEngine.csproj", "{362BDD8C-7477-40FA-AB63-E9C5EE296FAA}"
EndProject
Project("{9A19103F-16F7-4668-BE54-9A1E7A4F7556}") = "rlImGui", "rlImGui\rlImGui.csproj", "{9960CFCC-8CC2-4AA8-AA85-123C4FF8BD1F}"
EndProject
Global
	GlobalSection(SolutionConfigurationPlatforms) = preSolution
		Debug|Any CPU = Debug|Any CPU
		Release|Any CPU = Release|Any CPU
	EndGlobalSection
	GlobalSection(ProjectConfigurationPlatforms) = postSolution
		{362BDD8C-7477-40FA-AB63-E9C5EE296FAA}.Debug|Any CPU.ActiveCfg = Debug|Any CPU
		{362BDD8C-7477-40FA-AB63-E9C5EE296FAA}.Debug|Any CPU.Build.0 = Debug|Any CPU
		{362BDD8C-7477-40FA-AB63-E9C5EE296FAA}.Release|Any CPU.ActiveCfg = Release|Any CPU
		{362BDD8C-7477-40FA-AB63-E9C5EE296FAA}.Release|Any CPU.Build.0 = Release|Any CPU
		{9960CFCC-8CC2-4AA8-AA85-123C4FF8BD1F}.Debug|Any CPU.ActiveCfg = Debug|Any CPU
		{9960CFCC-8CC2-4AA8-AA85-123C4FF8BD1F}.Debug|Any CPU.Build.0 = Debug|Any CPU
		{9960CFCC-8CC2-4AA8-AA85-123C4FF8BD1F}.Release|Any CPU.ActiveCfg = Release|Any CPU
		{9960CFCC-8CC2-4AA8-AA85-123C4FF8BD1F}.Release|Any CPU.Build.0 = Release|Any CPU
	EndGlobalSection
	GlobalSection(SolutionProperties) = preSolution
		HideSolutionNode = FALSE
	EndGlobalSection
	GlobalSection(ExtensibilityGlobals) = postSolution
		SolutionGuid = {968CD008-0640-46E0-A98A-9CD9D9879693}
	EndGlobalSection
EndGlobal
